// !$*UTF8*$!
{
	archiveVersion = 1;
	classes = {
	};
	objectVersion = 55;
	objects = {

/* Begin PBXBuildFile section */
		93623FD428AD310B0040C3A3 /* LoginView.swift in Sources */ = {isa = PBXBuildFile; fileRef = 93623FD328AD310B0040C3A3 /* LoginView.swift */; };
		93623FD628AD31130040C3A3 /* RegisterView.swift in Sources */ = {isa = PBXBuildFile; fileRef = 93623FD528AD31130040C3A3 /* RegisterView.swift */; };
		93D6877A28ACE4260079FDF3 /* TestDemoApp.swift in Sources */ = {isa = PBXBuildFile; fileRef = 93D6877928ACE4260079FDF3 /* TestDemoApp.swift */; };
		93D6877C28ACE4260079FDF3 /* ContentView.swift in Sources */ = {isa = PBXBuildFile; fileRef = 93D6877B28ACE4260079FDF3 /* ContentView.swift */; };
		93D6877E28ACE4260079FDF3 /* Assets.xcassets in Resources */ = {isa = PBXBuildFile; fileRef = 93D6877D28ACE4260079FDF3 /* Assets.xcassets */; };
		93D6878128ACE4260079FDF3 /* Preview Assets.xcassets in Resources */ = {isa = PBXBuildFile; fileRef = 93D6878028ACE4260079FDF3 /* Preview Assets.xcassets */; };
		93D6878B28ACE4260079FDF3 /* TestDemoTests.swift in Sources */ = {isa = PBXBuildFile; fileRef = 93D6878A28ACE4260079FDF3 /* TestDemoTests.swift */; };
		93D6879528ACE4260079FDF3 /* TestDemoUITests.swift in Sources */ = {isa = PBXBuildFile; fileRef = 93D6879428ACE4260079FDF3 /* TestDemoUITests.swift */; };
		93D6879728ACE4260079FDF3 /* TestDemoUITestsLaunchTests.swift in Sources */ = {isa = PBXBuildFile; fileRef = 93D6879628ACE4260079FDF3 /* TestDemoUITestsLaunchTests.swift */; };
		93D687A428ACE9BC0079FDF3 /* WelcomePageUITests.swift in Sources */ = {isa = PBXBuildFile; fileRef = 93D687A328ACE9BC0079FDF3 /* WelcomePageUITests.swift */; };
		93D687A628ACEC940079FDF3 /* UserModel.swift in Sources */ = {isa = PBXBuildFile; fileRef = 93D687A528ACEC940079FDF3 /* UserModel.swift */; };
		93D687A828ACF3870079FDF3 /* LoginPageUITest.swift in Sources */ = {isa = PBXBuildFile; fileRef = 93D687A728ACF3870079FDF3 /* LoginPageUITest.swift */; };
		93D687AA28ACF3950079FDF3 /* RegisterPageUITest.swift in Sources */ = {isa = PBXBuildFile; fileRef = 93D687A928ACF3950079FDF3 /* RegisterPageUITest.swift */; };
/* End PBXBuildFile section */

/* Begin PBXContainerItemProxy section */
		93D6878728ACE4260079FDF3 /* PBXContainerItemProxy */ = {
			isa = PBXContainerItemProxy;
			containerPortal = 93D6876E28ACE4260079FDF3 /* Project object */;
			proxyType = 1;
			remoteGlobalIDString = 93D6877528ACE4260079FDF3;
			remoteInfo = TestDemo;
		};
		93D6879128ACE4260079FDF3 /* PBXContainerItemProxy */ = {
			isa = PBXContainerItemProxy;
			containerPortal = 93D6876E28ACE4260079FDF3 /* Project object */;
			proxyType = 1;
			remoteGlobalIDString = 93D6877528ACE4260079FDF3;
			remoteInfo = TestDemo;
		};
/* End PBXContainerItemProxy section */

/* Begin PBXFileReference section */
		93623FD328AD310B0040C3A3 /* LoginView.swift */ = {isa = PBXFileReference; lastKnownFileType = sourcecode.swift; path = LoginView.swift; sourceTree = "<group>"; };
		93623FD528AD31130040C3A3 /* RegisterView.swift */ = {isa = PBXFileReference; lastKnownFileType = sourcecode.swift; path = RegisterView.swift; sourceTree = "<group>"; };
		93D6877628ACE4260079FDF3 /* TestDemo.app */ = {isa = PBXFileReference; explicitFileType = wrapper.application; includeInIndex = 0; path = TestDemo.app; sourceTree = BUILT_PRODUCTS_DIR; };
		93D6877928ACE4260079FDF3 /* TestDemoApp.swift */ = {isa = PBXFileReference; lastKnownFileType = sourcecode.swift; path = TestDemoApp.swift; sourceTree = "<group>"; };
		93D6877B28ACE4260079FDF3 /* ContentView.swift */ = {isa = PBXFileReference; lastKnownFileType = sourcecode.swift; path = ContentView.swift; sourceTree = "<group>"; };
		93D6877D28ACE4260079FDF3 /* Assets.xcassets */ = {isa = PBXFileReference; lastKnownFileType = folder.assetcatalog; path = Assets.xcassets; sourceTree = "<group>"; };
		93D6878028ACE4260079FDF3 /* Preview Assets.xcassets */ = {isa = PBXFileReference; lastKnownFileType = folder.assetcatalog; path = "Preview Assets.xcassets"; sourceTree = "<group>"; };
		93D6878628ACE4260079FDF3 /* TestDemoTests.xctest */ = {isa = PBXFileReference; explicitFileType = wrapper.cfbundle; includeInIndex = 0; path = TestDemoTests.xctest; sourceTree = BUILT_PRODUCTS_DIR; };
		93D6878A28ACE4260079FDF3 /* TestDemoTests.swift */ = {isa = PBXFileReference; lastKnownFileType = sourcecode.swift; path = TestDemoTests.swift; sourceTree = "<group>"; };
		93D6879028ACE4260079FDF3 /* TestDemoUITests.xctest */ = {isa = PBXFileReference; explicitFileType = wrapper.cfbundle; includeInIndex = 0; path = TestDemoUITests.xctest; sourceTree = BUILT_PRODUCTS_DIR; };
		93D6879428ACE4260079FDF3 /* TestDemoUITests.swift */ = {isa = PBXFileReference; lastKnownFileType = sourcecode.swift; path = TestDemoUITests.swift; sourceTree = "<group>"; };
		93D6879628ACE4260079FDF3 /* TestDemoUITestsLaunchTests.swift */ = {isa = PBXFileReference; lastKnownFileType = sourcecode.swift; path = TestDemoUITestsLaunchTests.swift; sourceTree = "<group>"; };
		93D687A328ACE9BC0079FDF3 /* WelcomePageUITests.swift */ = {isa = PBXFileReference; lastKnownFileType = sourcecode.swift; path = WelcomePageUITests.swift; sourceTree = "<group>"; };
		93D687A528ACEC940079FDF3 /* UserModel.swift */ = {isa = PBXFileReference; lastKnownFileType = sourcecode.swift; path = UserModel.swift; sourceTree = "<group>"; };
		93D687A728ACF3870079FDF3 /* LoginPageUITest.swift */ = {isa = PBXFileReference; lastKnownFileType = sourcecode.swift; path = LoginPageUITest.swift; sourceTree = "<group>"; };
		93D687A928ACF3950079FDF3 /* RegisterPageUITest.swift */ = {isa = PBXFileReference; lastKnownFileType = sourcecode.swift; path = RegisterPageUITest.swift; sourceTree = "<group>"; };
/* End PBXFileReference section */

/* Begin PBXFrameworksBuildPhase section */
		93D6877328ACE4260079FDF3 /* Frameworks */ = {
			isa = PBXFrameworksBuildPhase;
			buildActionMask = 2147483647;
			files = (
			);
			runOnlyForDeploymentPostprocessing = 0;
		};
		93D6878328ACE4260079FDF3 /* Frameworks */ = {
			isa = PBXFrameworksBuildPhase;
			buildActionMask = 2147483647;
			files = (
			);
			runOnlyForDeploymentPostprocessing = 0;
		};
		93D6878D28ACE4260079FDF3 /* Frameworks */ = {
			isa = PBXFrameworksBuildPhase;
			buildActionMask = 2147483647;
			files = (
			);
			runOnlyForDeploymentPostprocessing = 0;
		};
/* End PBXFrameworksBuildPhase section */

/* Begin PBXGroup section */
		93D6876D28ACE4260079FDF3 = {
			isa = PBXGroup;
			children = (
				93D6877828ACE4260079FDF3 /* TestDemo */,
				93D6878928ACE4260079FDF3 /* TestDemoTests */,
				93D6879328ACE4260079FDF3 /* TestDemoUITests */,
				93D6877728ACE4260079FDF3 /* Products */,
			);
			sourceTree = "<group>";
		};
		93D6877728ACE4260079FDF3 /* Products */ = {
			isa = PBXGroup;
			children = (
				93D6877628ACE4260079FDF3 /* TestDemo.app */,
				93D6878628ACE4260079FDF3 /* TestDemoTests.xctest */,
				93D6879028ACE4260079FDF3 /* TestDemoUITests.xctest */,
			);
			name = Products;
			sourceTree = "<group>";
		};
		93D6877828ACE4260079FDF3 /* TestDemo */ = {
			isa = PBXGroup;
			children = (
				93D6877928ACE4260079FDF3 /* TestDemoApp.swift */,
				93D6877B28ACE4260079FDF3 /* ContentView.swift */,
				93623FD528AD31130040C3A3 /* RegisterView.swift */,
				93623FD328AD310B0040C3A3 /* LoginView.swift */,
				93D687A528ACEC940079FDF3 /* UserModel.swift */,
				93D6877D28ACE4260079FDF3 /* Assets.xcassets */,
				93D6877F28ACE4260079FDF3 /* Preview Content */,
			);
			path = TestDemo;
			sourceTree = "<group>";
		};
		93D6877F28ACE4260079FDF3 /* Preview Content */ = {
			isa = PBXGroup;
			children = (
				93D6878028ACE4260079FDF3 /* Preview Assets.xcassets */,
			);
			path = "Preview Content";
			sourceTree = "<group>";
		};
		93D6878928ACE4260079FDF3 /* TestDemoTests */ = {
			isa = PBXGroup;
			children = (
				93D6878A28ACE4260079FDF3 /* TestDemoTests.swift */,
			);
			path = TestDemoTests;
			sourceTree = "<group>";
		};
		93D6879328ACE4260079FDF3 /* TestDemoUITests */ = {
			isa = PBXGroup;
			children = (
				93D6879428ACE4260079FDF3 /* TestDemoUITests.swift */,
				93D6879628ACE4260079FDF3 /* TestDemoUITestsLaunchTests.swift */,
				93D687A328ACE9BC0079FDF3 /* WelcomePageUITests.swift */,
				93D687A728ACF3870079FDF3 /* LoginPageUITest.swift */,
				93D687A928ACF3950079FDF3 /* RegisterPageUITest.swift */,
			);
			path = TestDemoUITests;
			sourceTree = "<group>";
		};
/* End PBXGroup section */

/* Begin PBXNativeTarget section */
		93D6877528ACE4260079FDF3 /* TestDemo */ = {
			isa = PBXNativeTarget;
			buildConfigurationList = 93D6879A28ACE4260079FDF3 /* Build configuration list for PBXNativeTarget "TestDemo" */;
			buildPhases = (
				93D6877228ACE4260079FDF3 /* Sources */,
				93D6877328ACE4260079FDF3 /* Frameworks */,
				93D6877428ACE4260079FDF3 /* Resources */,
			);
			buildRules = (
			);
			dependencies = (
			);
			name = TestDemo;
			productName = TestDemo;
			productReference = 93D6877628ACE4260079FDF3 /* TestDemo.app */;
			productType = "com.apple.product-type.application";
		};
		93D6878528ACE4260079FDF3 /* TestDemoTests */ = {
			isa = PBXNativeTarget;
			buildConfigurationList = 93D6879D28ACE4260079FDF3 /* Build configuration list for PBXNativeTarget "TestDemoTests" */;
			buildPhases = (
				93D6878228ACE4260079FDF3 /* Sources */,
				93D6878328ACE4260079FDF3 /* Frameworks */,
				93D6878428ACE4260079FDF3 /* Resources */,
			);
			buildRules = (
			);
			dependencies = (
				93D6878828ACE4260079FDF3 /* PBXTargetDependency */,
			);
			name = TestDemoTests;
			productName = TestDemoTests;
			productReference = 93D6878628ACE4260079FDF3 /* TestDemoTests.xctest */;
			productType = "com.apple.product-type.bundle.unit-test";
		};
		93D6878F28ACE4260079FDF3 /* TestDemoUITests */ = {
			isa = PBXNativeTarget;
			buildConfigurationList = 93D687A028ACE4260079FDF3 /* Build configuration list for PBXNativeTarget "TestDemoUITests" */;
			buildPhases = (
				93D6878C28ACE4260079FDF3 /* Sources */,
				93D6878D28ACE4260079FDF3 /* Frameworks */,
				93D6878E28ACE4260079FDF3 /* Resources */,
			);
			buildRules = (
			);
			dependencies = (
				93D6879228ACE4260079FDF3 /* PBXTargetDependency */,
			);
			name = TestDemoUITests;
			productName = TestDemoUITests;
			productReference = 93D6879028ACE4260079FDF3 /* TestDemoUITests.xctest */;
			productType = "com.apple.product-type.bundle.ui-testing";
		};
/* End PBXNativeTarget section */

/* Begin PBXProject section */
		93D6876E28ACE4260079FDF3 /* Project object */ = {
			isa = PBXProject;
			attributes = {
				BuildIndependentTargetsInParallel = 1;
				LastSwiftUpdateCheck = 1340;
				LastUpgradeCheck = 1340;
				TargetAttributes = {
					93D6877528ACE4260079FDF3 = {
						CreatedOnToolsVersion = 13.4.1;
					};
					93D6878528ACE4260079FDF3 = {
						CreatedOnToolsVersion = 13.4.1;
						TestTargetID = 93D6877528ACE4260079FDF3;
					};
					93D6878F28ACE4260079FDF3 = {
						CreatedOnToolsVersion = 13.4.1;
						TestTargetID = 93D6877528ACE4260079FDF3;
					};
				};
			};
			buildConfigurationList = 93D6877128ACE4260079FDF3 /* Build configuration list for PBXProject "TestDemo" */;
			compatibilityVersion = "Xcode 13.0";
			developmentRegion = en;
			hasScannedForEncodings = 0;
			knownRegions = (
				en,
				Base,
			);
			mainGroup = 93D6876D28ACE4260079FDF3;
			productRefGroup = 93D6877728ACE4260079FDF3 /* Products */;
			projectDirPath = "";
			projectRoot = "";
			targets = (
				93D6877528ACE4260079FDF3 /* TestDemo */,
				93D6878528ACE4260079FDF3 /* TestDemoTests */,
				93D6878F28ACE4260079FDF3 /* TestDemoUITests */,
			);
		};
/* End PBXProject section */

/* Begin PBXResourcesBuildPhase section */
		93D6877428ACE4260079FDF3 /* Resources */ = {
			isa = PBXResourcesBuildPhase;
			buildActionMask = 2147483647;
			files = (
				93D6878128ACE4260079FDF3 /* Preview Assets.xcassets in Resources */,
				93D6877E28ACE4260079FDF3 /* Assets.xcassets in Resources */,
			);
			runOnlyForDeploymentPostprocessing = 0;
		};
		93D6878428ACE4260079FDF3 /* Resources */ = {
			isa = PBXResourcesBuildPhase;
			buildActionMask = 2147483647;
			files = (
			);
			runOnlyForDeploymentPostprocessing = 0;
		};
		93D6878E28ACE4260079FDF3 /* Resources */ = {
			isa = PBXResourcesBuildPhase;
			buildActionMask = 2147483647;
			files = (
			);
			runOnlyForDeploymentPostprocessing = 0;
		};
/* End PBXResourcesBuildPhase section */

/* Begin PBXSourcesBuildPhase section */
		93D6877228ACE4260079FDF3 /* Sources */ = {
			isa = PBXSourcesBuildPhase;
			buildActionMask = 2147483647;
			files = (
				93D6877C28ACE4260079FDF3 /* ContentView.swift in Sources */,
				93623FD628AD31130040C3A3 /* RegisterView.swift in Sources */,
				93D687A628ACEC940079FDF3 /* UserModel.swift in Sources */,
				93623FD428AD310B0040C3A3 /* LoginView.swift in Sources */,
				93D6877A28ACE4260079FDF3 /* TestDemoApp.swift in Sources */,
			);
			runOnlyForDeploymentPostprocessing = 0;
		};
		93D6878228ACE4260079FDF3 /* Sources */ = {
			isa = PBXSourcesBuildPhase;
			buildActionMask = 2147483647;
			files = (
				93D6878B28ACE4260079FDF3 /* TestDemoTests.swift in Sources */,
			);
			runOnlyForDeploymentPostprocessing = 0;
		};
		93D6878C28ACE4260079FDF3 /* Sources */ = {
			isa = PBXSourcesBuildPhase;
			buildActionMask = 2147483647;
			files = (
				93D687A828ACF3870079FDF3 /* LoginPageUITest.swift in Sources */,
				93D6879728ACE4260079FDF3 /* TestDemoUITestsLaunchTests.swift in Sources */,
				93D687AA28ACF3950079FDF3 /* RegisterPageUITest.swift in Sources */,
				93D687A428ACE9BC0079FDF3 /* WelcomePageUITests.swift in Sources */,
				93D6879528ACE4260079FDF3 /* TestDemoUITests.swift in Sources */,
			);
			runOnlyForDeploymentPostprocessing = 0;
		};
/* End PBXSourcesBuildPhase section */

/* Begin PBXTargetDependency section */
		93D6878828ACE4260079FDF3 /* PBXTargetDependency */ = {
			isa = PBXTargetDependency;
			target = 93D6877528ACE4260079FDF3 /* TestDemo */;
			targetProxy = 93D6878728ACE4260079FDF3 /* PBXContainerItemProxy */;
		};
		93D6879228ACE4260079FDF3 /* PBXTargetDependency */ = {
			isa = PBXTargetDependency;
			target = 93D6877528ACE4260079FDF3 /* TestDemo */;
			targetProxy = 93D6879128ACE4260079FDF3 /* PBXContainerItemProxy */;
		};
/* End PBXTargetDependency section */

/* Begin XCBuildConfiguration section */
		93D6879828ACE4260079FDF3 /* Debug */ = {
			isa = XCBuildConfiguration;
			buildSettings = {
				ALWAYS_SEARCH_USER_PATHS = NO;
				CLANG_ANALYZER_NONNULL = YES;
				CLANG_ANALYZER_NUMBER_OBJECT_CONVERSION = YES_AGGRESSIVE;
				CLANG_CXX_LANGUAGE_STANDARD = "gnu++17";
				CLANG_ENABLE_MODULES = YES;
				CLANG_ENABLE_OBJC_ARC = YES;
				CLANG_ENABLE_OBJC_WEAK = YES;
				CLANG_WARN_BLOCK_CAPTURE_AUTORELEASING = YES;
				CLANG_WARN_BOOL_CONVERSION = YES;
				CLANG_WARN_COMMA = YES;
				CLANG_WARN_CONSTANT_CONVERSION = YES;
				CLANG_WARN_DEPRECATED_OBJC_IMPLEMENTATIONS = YES;
				CLANG_WARN_DIRECT_OBJC_ISA_USAGE = YES_ERROR;
				CLANG_WARN_DOCUMENTATION_COMMENTS = YES;
				CLANG_WARN_EMPTY_BODY = YES;
				CLANG_WARN_ENUM_CONVERSION = YES;
				CLANG_WARN_INFINITE_RECURSION = YES;
				CLANG_WARN_INT_CONVERSION = YES;
				CLANG_WARN_NON_LITERAL_NULL_CONVERSION = YES;
				CLANG_WARN_OBJC_IMPLICIT_RETAIN_SELF = YES;
				CLANG_WARN_OBJC_LITERAL_CONVERSION = YES;
				CLANG_WARN_OBJC_ROOT_CLASS = YES_ERROR;
				CLANG_WARN_QUOTED_INCLUDE_IN_FRAMEWORK_HEADER = YES;
				CLANG_WARN_RANGE_LOOP_ANALYSIS = YES;
				CLANG_WARN_STRICT_PROTOTYPES = YES;
				CLANG_WARN_SUSPICIOUS_MOVE = YES;
				CLANG_WARN_UNGUARDED_AVAILABILITY = YES_AGGRESSIVE;
				CLANG_WARN_UNREACHABLE_CODE = YES;
				CLANG_WARN__DUPLICATE_METHOD_MATCH = YES;
				COPY_PHASE_STRIP = NO;
				DEBUG_INFORMATION_FORMAT = dwarf;
				ENABLE_STRICT_OBJC_MSGSEND = YES;
				ENABLE_TESTABILITY = YES;
				GCC_C_LANGUAGE_STANDARD = gnu11;
				GCC_DYNAMIC_NO_PIC = NO;
				GCC_NO_COMMON_BLOCKS = YES;
				GCC_OPTIMIZATION_LEVEL = 0;
				GCC_PREPROCESSOR_DEFINITIONS = (
					"DEBUG=1",
					"$(inherited)",
				);
				GCC_WARN_64_TO_32_BIT_CONVERSION = YES;
				GCC_WARN_ABOUT_RETURN_TYPE = YES_ERROR;
				GCC_WARN_UNDECLARED_SELECTOR = YES;
				GCC_WARN_UNINITIALIZED_AUTOS = YES_AGGRESSIVE;
				GCC_WARN_UNUSED_FUNCTION = YES;
				GCC_WARN_UNUSED_VARIABLE = YES;
				IPHONEOS_DEPLOYMENT_TARGET = 15.5;
				MTL_ENABLE_DEBUG_INFO = INCLUDE_SOURCE;
				MTL_FAST_MATH = YES;
				ONLY_ACTIVE_ARCH = YES;
				SDKROOT = iphoneos;
				SWIFT_ACTIVE_COMPILATION_CONDITIONS = DEBUG;
				SWIFT_OPTIMIZATION_LEVEL = "-Onone";
			};
			name = Debug;
		};
		93D6879928ACE4260079FDF3 /* Release */ = {
			isa = XCBuildConfiguration;
			buildSettings = {
				ALWAYS_SEARCH_USER_PATHS = NO;
				CLANG_ANALYZER_NONNULL = YES;
				CLANG_ANALYZER_NUMBER_OBJECT_CONVERSION = YES_AGGRESSIVE;
				CLANG_CXX_LANGUAGE_STANDARD = "gnu++17";
				CLANG_ENABLE_MODULES = YES;
				CLANG_ENABLE_OBJC_ARC = YES;
				CLANG_ENABLE_OBJC_WEAK = YES;
				CLANG_WARN_BLOCK_CAPTURE_AUTORELEASING = YES;
				CLANG_WARN_BOOL_CONVERSION = YES;
				CLANG_WARN_COMMA = YES;
				CLANG_WARN_CONSTANT_CONVERSION = YES;
				CLANG_WARN_DEPRECATED_OBJC_IMPLEMENTATIONS = YES;
				CLANG_WARN_DIRECT_OBJC_ISA_USAGE = YES_ERROR;
				CLANG_WARN_DOCUMENTATION_COMMENTS = YES;
				CLANG_WARN_EMPTY_BODY = YES;
				CLANG_WARN_ENUM_CONVERSION = YES;
				CLANG_WARN_INFINITE_RECURSION = YES;
				CLANG_WARN_INT_CONVERSION = YES;
				CLANG_WARN_NON_LITERAL_NULL_CONVERSION = YES;
				CLANG_WARN_OBJC_IMPLICIT_RETAIN_SELF = YES;
				CLANG_WARN_OBJC_LITERAL_CONVERSION = YES;
				CLANG_WARN_OBJC_ROOT_CLASS = YES_ERROR;
				CLANG_WARN_QUOTED_INCLUDE_IN_FRAMEWORK_HEADER = YES;
				CLANG_WARN_RANGE_LOOP_ANALYSIS = YES;
				CLANG_WARN_STRICT_PROTOTYPES = YES;
				CLANG_WARN_SUSPICIOUS_MOVE = YES;
				CLANG_WARN_UNGUARDED_AVAILABILITY = YES_AGGRESSIVE;
				CLANG_WARN_UNREACHABLE_CODE = YES;
				CLANG_WARN__DUPLICATE_METHOD_MATCH = YES;
				COPY_PHASE_STRIP = NO;
				DEBUG_INFORMATION_FORMAT = "dwarf-with-dsym";
				ENABLE_NS_ASSERTIONS = NO;
				ENABLE_STRICT_OBJC_MSGSEND = YES;
				GCC_C_LANGUAGE_STANDARD = gnu11;
				GCC_NO_COMMON_BLOCKS = YES;
				GCC_WARN_64_TO_32_BIT_CONVERSION = YES;
				GCC_WARN_ABOUT_RETURN_TYPE = YES_ERROR;
				GCC_WARN_UNDECLARED_SELECTOR = YES;
				GCC_WARN_UNINITIALIZED_AUTOS = YES_AGGRESSIVE;
				GCC_WARN_UNUSED_FUNCTION = YES;
				GCC_WARN_UNUSED_VARIABLE = YES;
				IPHONEOS_DEPLOYMENT_TARGET = 15.5;
				MTL_ENABLE_DEBUG_INFO = NO;
				MTL_FAST_MATH = YES;
				SDKROOT = iphoneos;
				SWIFT_COMPILATION_MODE = wholemodule;
				SWIFT_OPTIMIZATION_LEVEL = "-O";
				VALIDATE_PRODUCT = YES;
			};
			name = Release;
		};
		93D6879B28ACE4260079FDF3 /* Debug */ = {
			isa = XCBuildConfiguration;
			buildSettings = {
				ASSETCATALOG_COMPILER_APPICON_NAME = AppIcon;
				ASSETCATALOG_COMPILER_GLOBAL_ACCENT_COLOR_NAME = AccentColor;
				CODE_SIGN_STYLE = Automatic;
				CURRENT_PROJECT_VERSION = 1;
				DEVELOPMENT_ASSET_PATHS = "\"TestDemo/Preview Content\"";
				DEVELOPMENT_TEAM = Q8KS89WWB6;
				ENABLE_PREVIEWS = YES;
				GENERATE_INFOPLIST_FILE = YES;
				INFOPLIST_KEY_UIApplicationSceneManifest_Generation = YES;
				INFOPLIST_KEY_UIApplicationSupportsIndirectInputEvents = YES;
				INFOPLIST_KEY_UILaunchScreen_Generation = YES;
				INFOPLIST_KEY_UISupportedInterfaceOrientations_iPad = "UIInterfaceOrientationPortrait UIInterfaceOrientationPortraitUpsideDown UIInterfaceOrientationLandscapeLeft UIInterfaceOrientationLandscapeRight";
				INFOPLIST_KEY_UISupportedInterfaceOrientations_iPhone = "UIInterfaceOrientationPortrait UIInterfaceOrientationLandscapeLeft UIInterfaceOrientationLandscapeRight";
				LD_RUNPATH_SEARCH_PATHS = (
					"$(inherited)",
					"@executable_path/Frameworks",
				);
				MARKETING_VERSION = 1.0;
				PRODUCT_BUNDLE_IDENTIFIER = com.donofras.TestDemo;
				PRODUCT_NAME = "$(TARGET_NAME)";
				SWIFT_EMIT_LOC_STRINGS = YES;
				SWIFT_VERSION = 5.0;
				TARGETED_DEVICE_FAMILY = 1;
			};
			name = Debug;
		};
		93D6879C28ACE4260079FDF3 /* Release */ = {
			isa = XCBuildConfiguration;
			buildSettings = {
				ASSETCATALOG_COMPILER_APPICON_NAME = AppIcon;
				ASSETCATALOG_COMPILER_GLOBAL_ACCENT_COLOR_NAME = AccentColor;
				CODE_SIGN_STYLE = Automatic;
				CURRENT_PROJECT_VERSION = 1;
				DEVELOPMENT_ASSET_PATHS = "\"TestDemo/Preview Content\"";
				DEVELOPMENT_TEAM = Q8KS89WWB6;
				ENABLE_PREVIEWS = YES;
				GENERATE_INFOPLIST_FILE = YES;
				INFOPLIST_KEY_UIApplicationSceneManifest_Generation = YES;
				INFOPLIST_KEY_UIApplicationSupportsIndirectInputEvents = YES;
				INFOPLIST_KEY_UILaunchScreen_Generation = YES;
				INFOPLIST_KEY_UISupportedInterfaceOrientations_iPad = "UIInterfaceOrientationPortrait UIInterfaceOrientationPortraitUpsideDown UIInterfaceOrientationLandscapeLeft UIInterfaceOrientationLandscapeRight";
				INFOPLIST_KEY_UISupportedInterfaceOrientations_iPhone = "UIInterfaceOrientationPortrait UIInterfaceOrientationLandscapeLeft UIInterfaceOrientationLandscapeRight";
				LD_RUNPATH_SEARCH_PATHS = (
					"$(inherited)",
					"@executable_path/Frameworks",
				);
				MARKETING_VERSION = 1.0;
				PRODUCT_BUNDLE_IDENTIFIER = com.donofras.TestDemo;
				PRODUCT_NAME = "$(TARGET_NAME)";
				SWIFT_EMIT_LOC_STRINGS = YES;
				SWIFT_VERSION = 5.0;
				TARGETED_DEVICE_FAMILY = 1;
			};
			name = Release;
		};
		93D6879E28ACE4260079FDF3 /* Debug */ = {
			isa = XCBuildConfiguration;
			buildSettings = {
				ALWAYS_EMBED_SWIFT_STANDARD_LIBRARIES = YES;
				BUNDLE_LOADER = "$(TEST_HOST)";
				CODE_SIGN_STYLE = Automatic;
				CURRENT_PROJECT_VERSION = 1;
				DEVELOPMENT_TEAM = Q8KS89WWB6;
				GENERATE_INFOPLIST_FILE = YES;
				IPHONEOS_DEPLOYMENT_TARGET = 15.5;
				MARKETING_VERSION = 1.0;
				PRODUCT_BUNDLE_IDENTIFIER = com.donofras.TestDemoTests;
				PRODUCT_NAME = "$(TARGET_NAME)";
				SWIFT_EMIT_LOC_STRINGS = NO;
				SWIFT_VERSION = 5.0;
				TARGETED_DEVICE_FAMILY = "1,2";
				TEST_HOST = "$(BUILT_PRODUCTS_DIR)/TestDemo.app/TestDemo";
			};
			name = Debug;
		};
		93D6879F28ACE4260079FDF3 /* Release */ = {
			isa = XCBuildConfiguration;
			buildSettings = {
				ALWAYS_EMBED_SWIFT_STANDARD_LIBRARIES = YES;
				BUNDLE_LOADER = "$(TEST_HOST)";
				CODE_SIGN_STYLE = Automatic;
				CURRENT_PROJECT_VERSION = 1;
				DEVELOPMENT_TEAM = Q8KS89WWB6;
				GENERATE_INFOPLIST_FILE = YES;
				IPHONEOS_DEPLOYMENT_TARGET = 15.5;
				MARKETING_VERSION = 1.0;
				PRODUCT_BUNDLE_IDENTIFIER = com.donofras.TestDemoTests;
				PRODUCT_NAME = "$(TARGET_NAME)";
				SWIFT_EMIT_LOC_STRINGS = NO;
				SWIFT_VERSION = 5.0;
				TARGETED_DEVICE_FAMILY = "1,2";
				TEST_HOST = "$(BUILT_PRODUCTS_DIR)/TestDemo.app/TestDemo";
			};
			name = Release;
		};
		93D687A128ACE4260079FDF3 /* Debug */ = {
			isa = XCBuildConfiguration;
			buildSettings = {
				ALWAYS_EMBED_SWIFT_STANDARD_LIBRARIES = YES;
				CODE_SIGN_STYLE = Automatic;
				CURRENT_PROJECT_VERSION = 1;
				DEVELOPMENT_TEAM = Q8KS89WWB6;
				GENERATE_INFOPLIST_FILE = YES;
				MARKETING_VERSION = 1.0;
				PRODUCT_BUNDLE_IDENTIFIER = com.donofras.TestDemoUITests;
				PRODUCT_NAME = "$(TARGET_NAME)";
				SWIFT_EMIT_LOC_STRINGS = NO;
				SWIFT_VERSION = 5.0;
				TARGETED_DEVICE_FAMILY = "1,2";
				TEST_TARGET_NAME = TestDemo;
			};
			name = Debug;
		};
		93D687A228ACE4260079FDF3 /* Release */ = {
			isa = XCBuildConfiguration;
			buildSettings = {
				ALWAYS_EMBED_SWIFT_STANDARD_LIBRARIES = YES;
				CODE_SIGN_STYLE = Automatic;
				CURRENT_PROJECT_VERSION = 1;
				DEVELOPMENT_TEAM = Q8KS89WWB6;
				GENERATE_INFOPLIST_FILE = YES;
				MARKETING_VERSION = 1.0;
				PRODUCT_BUNDLE_IDENTIFIER = com.donofras.TestDemoUITests;
				PRODUCT_NAME = "$(TARGET_NAME)";
				SWIFT_EMIT_LOC_STRINGS = NO;
				SWIFT_VERSION = 5.0;
				TARGETED_DEVICE_FAMILY = "1,2";
				TEST_TARGET_NAME = TestDemo;
			};
			name = Release;
		};
/* End XCBuildConfiguration section */

/* Begin XCConfigurationList section */
		93D6877128ACE4260079FDF3 /* Build configuration list for PBXProject "TestDemo" */ = {
			isa = XCConfigurationList;
			buildConfigurations = (
				93D6879828ACE4260079FDF3 /* Debug */,
				93D6879928ACE4260079FDF3 /* Release */,
			);
			defaultConfigurationIsVisible = 0;
			defaultConfigurationName = Release;
		};
		93D6879A28ACE4260079FDF3 /* Build configuration list for PBXNativeTarget "TestDemo" */ = {
			isa = XCConfigurationList;
			buildConfigurations = (
				93D6879B28ACE4260079FDF3 /* Debug */,
				93D6879C28ACE4260079FDF3 /* Release */,
			);
			defaultConfigurationIsVisible = 0;
			defaultConfigurationName = Release;
		};
		93D6879D28ACE4260079FDF3 /* Build configuration list for PBXNativeTarget "TestDemoTests" */ = {
			isa = XCConfigurationList;
			buildConfigurations = (
				93D6879E28ACE4260079FDF3 /* Debug */,
				93D6879F28ACE4260079FDF3 /* Release */,
			);
			defaultConfigurationIsVisible = 0;
			defaultConfigurationName = Release;
		};
		93D687A028ACE4260079FDF3 /* Build configuration list for PBXNativeTarget "TestDemoUITests" */ = {
			isa = XCConfigurationList;
			buildConfigurations = (
				93D687A128ACE4260079FDF3 /* Debug */,
				93D687A228ACE4260079FDF3 /* Release */,
			);
			defaultConfigurationIsVisible = 0;
			defaultConfigurationName = Release;
		};
/* End XCConfigurationList section */
	};
	rootObject = 93D6876E28ACE4260079FDF3 /* Project object */;
}
